// !$*UTF8*$!
{
	archiveVersion = 1;
	classes = {
	};
	objectVersion = 46;
	objects = {

/* Begin PBXBuildFile section */
		29438DD31E4F07FB004A22EF /* AppDelegate.swift in Sources */ = {isa = PBXBuildFile; fileRef = 29438DD21E4F07FB004A22EF /* AppDelegate.swift */; };
		29438DD51E4F07FB004A22EF /* TimelineViewController.swift in Sources */ = {isa = PBXBuildFile; fileRef = 29438DD41E4F07FB004A22EF /* TimelineViewController.swift */; };
		29438DD81E4F07FB004A22EF /* Main.storyboard in Resources */ = {isa = PBXBuildFile; fileRef = 29438DD61E4F07FB004A22EF /* Main.storyboard */; };
		29438DDA1E4F07FB004A22EF /* Assets.xcassets in Resources */ = {isa = PBXBuildFile; fileRef = 29438DD91E4F07FB004A22EF /* Assets.xcassets */; };
		29438DDD1E4F07FB004A22EF /* LaunchScreen.storyboard in Resources */ = {isa = PBXBuildFile; fileRef = 29438DDB1E4F07FB004A22EF /* LaunchScreen.storyboard */; };
		29438DED1E4F0D5F004A22EF /* Tweet.swift in Sources */ = {isa = PBXBuildFile; fileRef = 29438DE91E4F0D5F004A22EF /* Tweet.swift */; };
		29438DEE1E4F0D5F004A22EF /* User.swift in Sources */ = {isa = PBXBuildFile; fileRef = 29438DEA1E4F0D5F004A22EF /* User.swift */; };
		29438DEF1E4F0D5F004A22EF /* Account.swift in Sources */ = {isa = PBXBuildFile; fileRef = 29438DEB1E4F0D5F004A22EF /* Account.swift */; };
		29438DFD1E4F5461004A22EF /* NetworkManager.swift in Sources */ = {isa = PBXBuildFile; fileRef = 29438DFC1E4F5461004A22EF /* NetworkManager.swift */; };
		29438DFF1E4F56E5004A22EF /* LoginManager.swift in Sources */ = {isa = PBXBuildFile; fileRef = 29438DFE1E4F56E5004A22EF /* LoginManager.swift */; };
		29438E021E4F576B004A22EF /* Errors.swift in Sources */ = {isa = PBXBuildFile; fileRef = 29438E011E4F576B004A22EF /* Errors.swift */; };
		29438E041E4F64DE004A22EF /* TimelineTableViewCell.swift in Sources */ = {isa = PBXBuildFile; fileRef = 29438E031E4F64DE004A22EF /* TimelineTableViewCell.swift */; };
/* End PBXBuildFile section */

/* Begin PBXFileReference section */
		29438DCF1E4F07FB004A22EF /* DotsSwiftTwitter.app */ = {isa = PBXFileReference; explicitFileType = wrapper.application; includeInIndex = 0; path = DotsSwiftTwitter.app; sourceTree = BUILT_PRODUCTS_DIR; };
		29438DD21E4F07FB004A22EF /* AppDelegate.swift */ = {isa = PBXFileReference; lastKnownFileType = sourcecode.swift; path = AppDelegate.swift; sourceTree = "<group>"; };
		29438DD41E4F07FB004A22EF /* TimelineViewController.swift */ = {isa = PBXFileReference; lastKnownFileType = sourcecode.swift; path = TimelineViewController.swift; sourceTree = "<group>"; };
		29438DD71E4F07FB004A22EF /* Base */ = {isa = PBXFileReference; lastKnownFileType = file.storyboard; name = Base; path = Base.lproj/Main.storyboard; sourceTree = "<group>"; };
		29438DD91E4F07FB004A22EF /* Assets.xcassets */ = {isa = PBXFileReference; lastKnownFileType = folder.assetcatalog; path = Assets.xcassets; sourceTree = "<group>"; };
		29438DDC1E4F07FB004A22EF /* Base */ = {isa = PBXFileReference; lastKnownFileType = file.storyboard; name = Base; path = Base.lproj/LaunchScreen.storyboard; sourceTree = "<group>"; };
		29438DDE1E4F07FB004A22EF /* Info.plist */ = {isa = PBXFileReference; lastKnownFileType = text.plist.xml; path = Info.plist; sourceTree = "<group>"; };
		29438DE91E4F0D5F004A22EF /* Tweet.swift */ = {isa = PBXFileReference; fileEncoding = 4; lastKnownFileType = sourcecode.swift; path = Tweet.swift; sourceTree = "<group>"; };
		29438DEA1E4F0D5F004A22EF /* User.swift */ = {isa = PBXFileReference; fileEncoding = 4; lastKnownFileType = sourcecode.swift; path = User.swift; sourceTree = "<group>"; };
		29438DEB1E4F0D5F004A22EF /* Account.swift */ = {isa = PBXFileReference; fileEncoding = 4; lastKnownFileType = sourcecode.swift; path = Account.swift; sourceTree = "<group>"; };
		29438DFC1E4F5461004A22EF /* NetworkManager.swift */ = {isa = PBXFileReference; fileEncoding = 4; lastKnownFileType = sourcecode.swift; path = NetworkManager.swift; sourceTree = "<group>"; };
		29438DFE1E4F56E5004A22EF /* LoginManager.swift */ = {isa = PBXFileReference; fileEncoding = 4; lastKnownFileType = sourcecode.swift; path = LoginManager.swift; sourceTree = "<group>"; };
		29438E011E4F576B004A22EF /* Errors.swift */ = {isa = PBXFileReference; fileEncoding = 4; lastKnownFileType = sourcecode.swift; name = Errors.swift; path = Errors.swift; sourceTree = "<group>"; };
		29438E031E4F64DE004A22EF /* TimelineTableViewCell.swift */ = {isa = PBXFileReference; fileEncoding = 4; lastKnownFileType = sourcecode.swift; name = TimelineTableViewCell.swift; path = TimelineTableViewCell.swift; sourceTree = "<group>"; };
/* End PBXFileReference section */

/* Begin PBXFrameworksBuildPhase section */
		29438DCC1E4F07FB004A22EF /* Frameworks */ = {
			isa = PBXFrameworksBuildPhase;
			buildActionMask = 2147483647;
			files = (
			);
			runOnlyForDeploymentPostprocessing = 0;
		};
/* End PBXFrameworksBuildPhase section */

/* Begin PBXGroup section */
		29438DC61E4F07FB004A22EF = {
			isa = PBXGroup;
			children = (
				29438DD11E4F07FB004A22EF /* DotsSwiftTwitter */,
				29438DD01E4F07FB004A22EF /* Products */,
			);
			sourceTree = "<group>";
		};
		29438DD01E4F07FB004A22EF /* Products */ = {
			isa = PBXGroup;
			children = (
				29438DCF1E4F07FB004A22EF /* DotsSwiftTwitter.app */,
			);
			name = Products;
			sourceTree = "<group>";
		};
		29438DD11E4F07FB004A22EF /* DotsSwiftTwitter */ = {
			isa = PBXGroup;
			children = (
				29438DE61E4F0A10004A22EF /* Controller */,
				29438DE41E4F09F3004A22EF /* Model */,
				29438DE71E4F0A1B004A22EF /* Resource */,
				29438DE51E4F0A09004A22EF /* View */,
				29438DD21E4F07FB004A22EF /* AppDelegate.swift */,
				29438DDE1E4F07FB004A22EF /* Info.plist */,
			);
			path = DotsSwiftTwitter;
			sourceTree = "<group>";
		};
		29438DE41E4F09F3004A22EF /* Model */ = {
			isa = PBXGroup;
			children = (
				29438DFA1E4F0E3D004A22EF /* DataModel */,
				29438E001E4F5734004A22EF /* Error */,
				29438DFB1E4F0E48004A22EF /* Manager */,
			);
			path = Model;
			sourceTree = "<group>";
		};
		29438DE51E4F0A09004A22EF /* View */ = {
			isa = PBXGroup;
			children = (
				29438E031E4F64DE004A22EF /* TimelineTableViewCell.swift */,
			);
			path = View;
			sourceTree = "<group>";
		};
		29438DE61E4F0A10004A22EF /* Controller */ = {
			isa = PBXGroup;
			children = (
				29438DD41E4F07FB004A22EF /* TimelineViewController.swift */,
			);
			path = Controller;
			sourceTree = "<group>";
		};
		29438DE71E4F0A1B004A22EF /* Resource */ = {
			isa = PBXGroup;
			children = (
				29438DD91E4F07FB004A22EF /* Assets.xcassets */,
				29438DDB1E4F07FB004A22EF /* LaunchScreen.storyboard */,
				29438DD61E4F07FB004A22EF /* Main.storyboard */,
			);
			path = Resource;
			sourceTree = "<group>";
		};
		29438DFA1E4F0E3D004A22EF /* DataModel */ = {
			isa = PBXGroup;
			children = (
				29438DEB1E4F0D5F004A22EF /* Account.swift */,
				29438DE91E4F0D5F004A22EF /* Tweet.swift */,
				29438DEA1E4F0D5F004A22EF /* User.swift */,
			);
			path = DataModel;
			sourceTree = "<group>";
		};
		29438DFB1E4F0E48004A22EF /* Manager */ = {
			isa = PBXGroup;
			children = (
				29438DFE1E4F56E5004A22EF /* LoginManager.swift */,
				29438DFC1E4F5461004A22EF /* NetworkManager.swift */,
			);
			name = Manager;
			path = Manager;
			sourceTree = "<group>";
		};
		29438E001E4F5734004A22EF /* Error */ = {
			isa = PBXGroup;
			children = (
				29438E011E4F576B004A22EF /* Errors.swift */,
			);
			name = Error;
			path = Error;
			sourceTree = "<group>";
		};
/* End PBXGroup section */

/* Begin PBXNativeTarget section */
		29438DCE1E4F07FB004A22EF /* DotsSwiftTwitter */ = {
			isa = PBXNativeTarget;
			buildConfigurationList = 29438DE11E4F07FB004A22EF /* Build configuration list for PBXNativeTarget "DotsSwiftTwitter" */;
			buildPhases = (
				29438DCB1E4F07FB004A22EF /* Sources */,
				29438DCC1E4F07FB004A22EF /* Frameworks */,
				29438DCD1E4F07FB004A22EF /* Resources */,
			);
			buildRules = (
			);
			dependencies = (
			);
			name = DotsSwiftTwitter;
			productName = DotsSwiftTwitter;
			productReference = 29438DCF1E4F07FB004A22EF /* DotsSwiftTwitter.app */;
			productType = "com.apple.product-type.application";
		};
/* End PBXNativeTarget section */

/* Begin PBXProject section */
		29438DC71E4F07FB004A22EF /* Project object */ = {
			isa = PBXProject;
			attributes = {
				LastSwiftUpdateCheck = 0820;
				LastUpgradeCheck = 0820;
				ORGANIZATIONNAME = "田中賢治";
				TargetAttributes = {
					29438DCE1E4F07FB004A22EF = {
						CreatedOnToolsVersion = 8.2.1;
						ProvisioningStyle = Automatic;
					};
				};
			};
			buildConfigurationList = 29438DCA1E4F07FB004A22EF /* Build configuration list for PBXProject "DotsSwiftTwitter" */;
			compatibilityVersion = "Xcode 3.2";
			developmentRegion = English;
			hasScannedForEncodings = 0;
			knownRegions = (
				en,
				Base,
			);
			mainGroup = 29438DC61E4F07FB004A22EF;
			productRefGroup = 29438DD01E4F07FB004A22EF /* Products */;
			projectDirPath = "";
			projectRoot = "";
			targets = (
				29438DCE1E4F07FB004A22EF /* DotsSwiftTwitter */,
			);
		};
/* End PBXProject section */

/* Begin PBXResourcesBuildPhase section */
		29438DCD1E4F07FB004A22EF /* Resources */ = {
			isa = PBXResourcesBuildPhase;
			buildActionMask = 2147483647;
			files = (
				29438DDD1E4F07FB004A22EF /* LaunchScreen.storyboard in Resources */,
				29438DDA1E4F07FB004A22EF /* Assets.xcassets in Resources */,
				29438DD81E4F07FB004A22EF /* Main.storyboard in Resources */,
			);
			runOnlyForDeploymentPostprocessing = 0;
		};
/* End PBXResourcesBuildPhase section */

/* Begin PBXSourcesBuildPhase section */
		29438DCB1E4F07FB004A22EF /* Sources */ = {
			isa = PBXSourcesBuildPhase;
			buildActionMask = 2147483647;
			files = (
				29438DFD1E4F5461004A22EF /* NetworkManager.swift in Sources */,
				29438E041E4F64DE004A22EF /* TimelineTableViewCell.swift in Sources */,
				29438DD51E4F07FB004A22EF /* TimelineViewController.swift in Sources */,
				29438DFF1E4F56E5004A22EF /* LoginManager.swift in Sources */,
				29438DD31E4F07FB004A22EF /* AppDelegate.swift in Sources */,
				29438E021E4F576B004A22EF /* Errors.swift in Sources */,
				29438DEE1E4F0D5F004A22EF /* User.swift in Sources */,
				29438DED1E4F0D5F004A22EF /* Tweet.swift in Sources */,
				29438DEF1E4F0D5F004A22EF /* Account.swift in Sources */,
			);
			runOnlyForDeploymentPostprocessing = 0;
		};
/* End PBXSourcesBuildPhase section */

/* Begin PBXVariantGroup section */
		29438DD61E4F07FB004A22EF /* Main.storyboard */ = {
			isa = PBXVariantGroup;
			children = (
				29438DD71E4F07FB004A22EF /* Base */,
			);
			name = Main.storyboard;
			path = .;
			sourceTree = "<group>";
		};
		29438DDB1E4F07FB004A22EF /* LaunchScreen.storyboard */ = {
			isa = PBXVariantGroup;
			children = (
				29438DDC1E4F07FB004A22EF /* Base */,
			);
			name = LaunchScreen.storyboard;
			path = .;
			sourceTree = "<group>";
		};
/* End PBXVariantGroup section */

/* Begin XCBuildConfiguration section */
		29438DDF1E4F07FB004A22EF /* Debug */ = {
			isa = XCBuildConfiguration;
			buildSettings = {
				ALWAYS_SEARCH_USER_PATHS = NO;
				CLANG_ANALYZER_NONNULL = YES;
				CLANG_CXX_LANGUAGE_STANDARD = "gnu++0x";
				CLANG_CXX_LIBRARY = "libc++";
				CLANG_ENABLE_MODULES = YES;
				CLANG_ENABLE_OBJC_ARC = YES;
				CLANG_WARN_BOOL_CONVERSION = YES;
				CLANG_WARN_CONSTANT_CONVERSION = YES;
				CLANG_WARN_DIRECT_OBJC_ISA_USAGE = YES_ERROR;
				CLANG_WARN_DOCUMENTATION_COMMENTS = YES;
				CLANG_WARN_EMPTY_BODY = YES;
				CLANG_WARN_ENUM_CONVERSION = YES;
				CLANG_WARN_INFINITE_RECURSION = YES;
				CLANG_WARN_INT_CONVERSION = YES;
				CLANG_WARN_OBJC_ROOT_CLASS = YES_ERROR;
				CLANG_WARN_SUSPICIOUS_MOVE = YES;
				CLANG_WARN_UNREACHABLE_CODE = YES;
				CLANG_WARN__DUPLICATE_METHOD_MATCH = YES;
				"CODE_SIGN_IDENTITY[sdk=iphoneos*]" = "iPhone Developer";
				COPY_PHASE_STRIP = NO;
				DEBUG_INFORMATION_FORMAT = dwarf;
				ENABLE_STRICT_OBJC_MSGSEND = YES;
				ENABLE_TESTABILITY = YES;
				GCC_C_LANGUAGE_STANDARD = gnu99;
				GCC_DYNAMIC_NO_PIC = NO;
				GCC_NO_COMMON_BLOCKS = YES;
				GCC_OPTIMIZATION_LEVEL = 0;
				GCC_PREPROCESSOR_DEFINITIONS = (
					"DEBUG=1",
					"$(inherited)",
				);
				GCC_WARN_64_TO_32_BIT_CONVERSION = YES;
				GCC_WARN_ABOUT_RETURN_TYPE = YES_ERROR;
				GCC_WARN_UNDECLARED_SELECTOR = YES;
				GCC_WARN_UNINITIALIZED_AUTOS = YES_AGGRESSIVE;
				GCC_WARN_UNUSED_FUNCTION = YES;
				GCC_WARN_UNUSED_VARIABLE = YES;
				IPHONEOS_DEPLOYMENT_TARGET = 10.2;
				MTL_ENABLE_DEBUG_INFO = YES;
				ONLY_ACTIVE_ARCH = YES;
				SDKROOT = iphoneos;
				SWIFT_ACTIVE_COMPILATION_CONDITIONS = DEBUG;
				SWIFT_OPTIMIZATION_LEVEL = "-Onone";
			};
			name = Debug;
		};
		29438DE01E4F07FB004A22EF /* Release */ = {
			isa = XCBuildConfiguration;
			buildSettings = {
				ALWAYS_SEARCH_USER_PATHS = NO;
				CLANG_ANALYZER_NONNULL = YES;
				CLANG_CXX_LANGUAGE_STANDARD = "gnu++0x";
				CLANG_CXX_LIBRARY = "libc++";
				CLANG_ENABLE_MODULES = YES;
				CLANG_ENABLE_OBJC_ARC = YES;
				CLANG_WARN_BOOL_CONVERSION = YES;
				CLANG_WARN_CONSTANT_CONVERSION = YES;
				CLANG_WARN_DIRECT_OBJC_ISA_USAGE = YES_ERROR;
				CLANG_WARN_DOCUMENTATION_COMMENTS = YES;
				CLANG_WARN_EMPTY_BODY = YES;
				CLANG_WARN_ENUM_CONVERSION = YES;
				CLANG_WARN_INFINITE_RECURSION = YES;
				CLANG_WARN_INT_CONVERSION = YES;
				CLANG_WARN_OBJC_ROOT_CLASS = YES_ERROR;
				CLANG_WARN_SUSPICIOUS_MOVE = YES;
				CLANG_WARN_UNREACHABLE_CODE = YES;
				CLANG_WARN__DUPLICATE_METHOD_MATCH = YES;
				"CODE_SIGN_IDENTITY[sdk=iphoneos*]" = "iPhone Developer";
				COPY_PHASE_STRIP = NO;
				DEBUG_INFORMATION_FORMAT = "dwarf-with-dsym";
				ENABLE_NS_ASSERTIONS = NO;
				ENABLE_STRICT_OBJC_MSGSEND = YES;
				GCC_C_LANGUAGE_STANDARD = gnu99;
				GCC_NO_COMMON_BLOCKS = YES;
				GCC_WARN_64_TO_32_BIT_CONVERSION = YES;
				GCC_WARN_ABOUT_RETURN_TYPE = YES_ERROR;
				GCC_WARN_UNDECLARED_SELECTOR = YES;
				GCC_WARN_UNINITIALIZED_AUTOS = YES_AGGRESSIVE;
				GCC_WARN_UNUSED_FUNCTION = YES;
				GCC_WARN_UNUSED_VARIABLE = YES;
				IPHONEOS_DEPLOYMENT_TARGET = 10.2;
				MTL_ENABLE_DEBUG_INFO = NO;
				SDKROOT = iphoneos;
				SWIFT_OPTIMIZATION_LEVEL = "-Owholemodule";
				VALIDATE_PRODUCT = YES;
			};
			name = Release;
		};
		29438DE21E4F07FB004A22EF /* Debug */ = {
			isa = XCBuildConfiguration;
			buildSettings = {
				ASSETCATALOG_COMPILER_APPICON_NAME = AppIcon;
				INFOPLIST_FILE = DotsSwiftTwitter/Info.plist;
				LD_RUNPATH_SEARCH_PATHS = "$(inherited) @executable_path/Frameworks";
				PRODUCT_BUNDLE_IDENTIFIER = com.ktanaka117.DotsSwiftTwitter;
				PRODUCT_NAME = "$(TARGET_NAME)";
				SWIFT_VERSION = 3.0;
			};
			name = Debug;
		};
		29438DE31E4F07FB004A22EF /* Release */ = {
			isa = XCBuildConfiguration;
			buildSettings = {
				ASSETCATALOG_COMPILER_APPICON_NAME = AppIcon;
				INFOPLIST_FILE = DotsSwiftTwitter/Info.plist;
				LD_RUNPATH_SEARCH_PATHS = "$(inherited) @executable_path/Frameworks";
				PRODUCT_BUNDLE_IDENTIFIER = com.ktanaka117.DotsSwiftTwitter;
				PRODUCT_NAME = "$(TARGET_NAME)";
				SWIFT_VERSION = 3.0;
			};
			name = Release;
		};
/* End XCBuildConfiguration section */

/* Begin XCConfigurationList section */
		29438DCA1E4F07FB004A22EF /* Build configuration list for PBXProject "DotsSwiftTwitter" */ = {
			isa = XCConfigurationList;
			buildConfigurations = (
				29438DDF1E4F07FB004A22EF /* Debug */,
				29438DE01E4F07FB004A22EF /* Release */,
			);
			defaultConfigurationIsVisible = 0;
			defaultConfigurationName = Release;
		};
		29438DE11E4F07FB004A22EF /* Build configuration list for PBXNativeTarget "DotsSwiftTwitter" */ = {
			isa = XCConfigurationList;
			buildConfigurations = (
				29438DE21E4F07FB004A22EF /* Debug */,
				29438DE31E4F07FB004A22EF /* Release */,
			);
			defaultConfigurationIsVisible = 0;
			defaultConfigurationName = Release;
		};
/* End XCConfigurationList section */
	};
	rootObject = 29438DC71E4F07FB004A22EF /* Project object */;
}
